
Microsoft Visual Studio Solution File, Format Version 12.00
# Visual Studio Version 17
VisualStudioVersion = 17.0.31903.59
MinimumVisualStudioVersion = 10.0.40219.1
Project("{2150E333-8FDC-42A3-9474-1A3956D46DE8}") = "src", "src", "{827E0CD3-B72D-47B6-A68D-7590B98EB39B}"
EndProject
Project("{FAE04EC0-301F-11D3-BF4B-00C04F79EFBC}") = "SkillVault-Back", "src\SkillVault-Back\SkillVault-Back.csproj", "{D0E4F684-C1C4-4637-8BD6-BA2BC2A7AE2D}"
EndProject
Project("{2150E333-8FDC-42A3-9474-1A3956D46DE8}") = "Modules", "Modules", "{EC447DCF-ABFA-6E24-52A5-D7FD48A5C558}"
EndProject
Project("{FAE04EC0-301F-11D3-BF4B-00C04F79EFBC}") = "SkillVault.Modules.Users", "src\Modules\SkillVault.Modules.Users\SkillVault.Modules.Users.csproj", "{6EBA13CC-3FC3-4143-A2FF-EA47335CBF94}"
EndProject
Project("{2150E333-8FDC-42A3-9474-1A3956D46DE8}") = "tests", "tests", "{0AB3BF05-4346-4AA6-1389-037BE0695223}"
EndProject
Project("{FAE04EC0-301F-11D3-BF4B-00C04F79EFBC}") = "SkillVault.Modules.Users.Tests.Integration", "tests\SkillVault.Modules.Users.Tests.Integration\SkillVault.Modules.Users.Tests.Integration.csproj", "{45281EFC-7096-4F46-8416-1DEC50A3EEEB}"
EndProject
Global
	GlobalSection(SolutionConfigurationPlatforms) = preSolution
		Debug|Any CPU = Debug|Any CPU
		Debug|x64 = Debug|x64
		Debug|x86 = Debug|x86
		Release|Any CPU = Release|Any CPU
		Release|x64 = Release|x64
		Release|x86 = Release|x86
	EndGlobalSection
	GlobalSection(ProjectConfigurationPlatforms) = postSolution
		{D0E4F684-C1C4-4637-8BD6-BA2BC2A7AE2D}.Debug|Any CPU.ActiveCfg = Debug|Any CPU
		{D0E4F684-C1C4-4637-8BD6-BA2BC2A7AE2D}.Debug|Any CPU.Build.0 = Debug|Any CPU
		{D0E4F684-C1C4-4637-8BD6-BA2BC2A7AE2D}.Debug|x64.ActiveCfg = Debug|Any CPU
		{D0E4F684-C1C4-4637-8BD6-BA2BC2A7AE2D}.Debug|x64.Build.0 = Debug|Any CPU
		{D0E4F684-C1C4-4637-8BD6-BA2BC2A7AE2D}.Debug|x86.ActiveCfg = Debug|Any CPU
		{D0E4F684-C1C4-4637-8BD6-BA2BC2A7AE2D}.Debug|x86.Build.0 = Debug|Any CPU
		{D0E4F684-C1C4-4637-8BD6-BA2BC2A7AE2D}.Release|Any CPU.ActiveCfg = Release|Any CPU
		{D0E4F684-C1C4-4637-8BD6-BA2BC2A7AE2D}.Release|Any CPU.Build.0 = Release|Any CPU
		{D0E4F684-C1C4-4637-8BD6-BA2BC2A7AE2D}.Release|x64.ActiveCfg = Release|Any CPU
		{D0E4F684-C1C4-4637-8BD6-BA2BC2A7AE2D}.Release|x64.Build.0 = Release|Any CPU
		{D0E4F684-C1C4-4637-8BD6-BA2BC2A7AE2D}.Release|x86.ActiveCfg = Release|Any CPU
		{D0E4F684-C1C4-4637-8BD6-BA2BC2A7AE2D}.Release|x86.Build.0 = Release|Any CPU
		{6EBA13CC-3FC3-4143-A2FF-EA47335CBF94}.Debug|Any CPU.ActiveCfg = Debug|Any CPU
		{6EBA13CC-3FC3-4143-A2FF-EA47335CBF94}.Debug|Any CPU.Build.0 = Debug|Any CPU
		{6EBA13CC-3FC3-4143-A2FF-EA47335CBF94}.Debug|x64.ActiveCfg = Debug|Any CPU
		{6EBA13CC-3FC3-4143-A2FF-EA47335CBF94}.Debug|x64.Build.0 = Debug|Any CPU
		{6EBA13CC-3FC3-4143-A2FF-EA47335CBF94}.Debug|x86.ActiveCfg = Debug|Any CPU
		{6EBA13CC-3FC3-4143-A2FF-EA47335CBF94}.Debug|x86.Build.0 = Debug|Any CPU
		{6EBA13CC-3FC3-4143-A2FF-EA47335CBF94}.Release|Any CPU.ActiveCfg = Release|Any CPU
		{6EBA13CC-3FC3-4143-A2FF-EA47335CBF94}.Release|Any CPU.Build.0 = Release|Any CPU
		{6EBA13CC-3FC3-4143-A2FF-EA47335CBF94}.Release|x64.ActiveCfg = Release|Any CPU
		{6EBA13CC-3FC3-4143-A2FF-EA47335CBF94}.Release|x64.Build.0 = Release|Any CPU
		{6EBA13CC-3FC3-4143-A2FF-EA47335CBF94}.Release|x86.ActiveCfg = Release|Any CPU
		{6EBA13CC-3FC3-4143-A2FF-EA47335CBF94}.Release|x86.Build.0 = Release|Any CPU
		{45281EFC-7096-4F46-8416-1DEC50A3EEEB}.Debug|Any CPU.ActiveCfg = Debug|Any CPU
		{45281EFC-7096-4F46-8416-1DEC50A3EEEB}.Debug|Any CPU.Build.0 = Debug|Any CPU
		{45281EFC-7096-4F46-8416-1DEC50A3EEEB}.Debug|x64.ActiveCfg = Debug|Any CPU
		{45281EFC-7096-4F46-8416-1DEC50A3EEEB}.Debug|x64.Build.0 = Debug|Any CPU
		{45281EFC-7096-4F46-8416-1DEC50A3EEEB}.Debug|x86.ActiveCfg = Debug|Any CPU
		{45281EFC-7096-4F46-8416-1DEC50A3EEEB}.Debug|x86.Build.0 = Debug|Any CPU
		{45281EFC-7096-4F46-8416-1DEC50A3EEEB}.Release|Any CPU.ActiveCfg = Release|Any CPU
		{45281EFC-7096-4F46-8416-1DEC50A3EEEB}.Release|Any CPU.Build.0 = Release|Any CPU
		{45281EFC-7096-4F46-8416-1DEC50A3EEEB}.Release|x64.ActiveCfg = Release|Any CPU
		{45281EFC-7096-4F46-8416-1DEC50A3EEEB}.Release|x64.Build.0 = Release|Any CPU
		{45281EFC-7096-4F46-8416-1DEC50A3EEEB}.Release|x86.ActiveCfg = Release|Any CPU
		{45281EFC-7096-4F46-8416-1DEC50A3EEEB}.Release|x86.Build.0 = Release|Any CPU
	EndGlobalSection
	GlobalSection(SolutionProperties) = preSolution
		HideSolutionNode = FALSE
	EndGlobalSection
	GlobalSection(NestedProjects) = preSolution
		{D0E4F684-C1C4-4637-8BD6-BA2BC2A7AE2D} = {827E0CD3-B72D-47B6-A68D-7590B98EB39B}
		{EC447DCF-ABFA-6E24-52A5-D7FD48A5C558} = {827E0CD3-B72D-47B6-A68D-7590B98EB39B}
		{6EBA13CC-3FC3-4143-A2FF-EA47335CBF94} = {EC447DCF-ABFA-6E24-52A5-D7FD48A5C558}
		{45281EFC-7096-4F46-8416-1DEC50A3EEEB} = {0AB3BF05-4346-4AA6-1389-037BE0695223}
	EndGlobalSection
EndGlobal
